
Microsoft Visual Studio Solution File, Format Version 12.00
# Visual Studio Version 17
VisualStudioVersion = 17.6.33723.286
MinimumVisualStudioVersion = 10.0.40219.1
Project("{E24C65DC-7377-472B-9ABA-BC803B73C61A}") = "if-else-2", "if-else-2\", "{8C4D2DB1-DEEE-4745-BF2C-E7FFF663D910}"
	ProjectSection(WebsiteProperties) = preProject
		TargetFrameworkMoniker = ".NETFramework,Version%3Dv4.7.2"
		Debug.AspNetCompiler.VirtualPath = "/localhost_59118"
		Debug.AspNetCompiler.PhysicalPath = "if-else-2\"
		Debug.AspNetCompiler.TargetPath = "PrecompiledWeb\localhost_59118\"
		Debug.AspNetCompiler.Updateable = "true"
		Debug.AspNetCompiler.ForceOverwrite = "true"
		Debug.AspNetCompiler.FixedNames = "false"
		Debug.AspNetCompiler.Debug = "True"
		Release.AspNetCompiler.VirtualPath = "/localhost_59118"
		Release.AspNetCompiler.PhysicalPath = "if-else-2\"
		Release.AspNetCompiler.TargetPath = "PrecompiledWeb\localhost_59118\"
		Release.AspNetCompiler.Updateable = "true"
		Release.AspNetCompiler.ForceOverwrite = "true"
		Release.AspNetCompiler.FixedNames = "false"
		Release.AspNetCompiler.Debug = "False"
		VWDPort = "59118"
		SlnRelativePath = "if-else-2\"
		DefaultWebSiteLanguage = "Visual C#"
	EndProjectSection
EndProject
Global
	GlobalSection(SolutionConfigurationPlatforms) = preSolution
		Debug|Any CPU = Debug|Any CPU
	EndGlobalSection
	GlobalSection(ProjectConfigurationPlatforms) = postSolution
		{8C4D2DB1-DEEE-4745-BF2C-E7FFF663D910}.Debug|Any CPU.ActiveCfg = Debug|Any CPU
		{8C4D2DB1-DEEE-4745-BF2C-E7FFF663D910}.Debug|Any CPU.Build.0 = Debug|Any CPU
	EndGlobalSection
	GlobalSection(SolutionProperties) = preSolution
		HideSolutionNode = FALSE
	EndGlobalSection
	GlobalSection(ExtensibilityGlobals) = postSolution
		SolutionGuid = {F469FBFC-B396-4244-8586-D6BA6DE1D4AE}
	EndGlobalSection
EndGlobal
