
Microsoft Visual Studio Solution File, Format Version 12.00
# Visual Studio Version 17
VisualStudioVersion = 17.7.34003.232
MinimumVisualStudioVersion = 10.0.40219.1
Project("{E24C65DC-7377-472B-9ABA-BC803B73C61A}") = "Connected Architecture", "Connected Architecture\", "{A626942E-90E4-4D70-A575-FC61194A0579}"
	ProjectSection(WebsiteProperties) = preProject
		TargetFrameworkMoniker = ".NETFramework,Version%3Dv4.7.2"
		Debug.AspNetCompiler.VirtualPath = "/localhost_60979"
		Debug.AspNetCompiler.PhysicalPath = "Connected Architecture\"
		Debug.AspNetCompiler.TargetPath = "PrecompiledWeb\localhost_60979\"
		Debug.AspNetCompiler.Updateable = "true"
		Debug.AspNetCompiler.ForceOverwrite = "true"
		Debug.AspNetCompiler.FixedNames = "false"
		Debug.AspNetCompiler.Debug = "True"
		Release.AspNetCompiler.VirtualPath = "/localhost_60979"
		Release.AspNetCompiler.PhysicalPath = "Connected Architecture\"
		Release.AspNetCompiler.TargetPath = "PrecompiledWeb\localhost_60979\"
		Release.AspNetCompiler.Updateable = "true"
		Release.AspNetCompiler.ForceOverwrite = "true"
		Release.AspNetCompiler.FixedNames = "false"
		Release.AspNetCompiler.Debug = "False"
		VWDPort = "60979"
		SlnRelativePath = "Connected Architecture\"
		DefaultWebSiteLanguage = "Visual C#"
	EndProjectSection
EndProject
Global
	GlobalSection(SolutionConfigurationPlatforms) = preSolution
		Debug|Any CPU = Debug|Any CPU
	EndGlobalSection
	GlobalSection(ProjectConfigurationPlatforms) = postSolution
		{A626942E-90E4-4D70-A575-FC61194A0579}.Debug|Any CPU.ActiveCfg = Debug|Any CPU
		{A626942E-90E4-4D70-A575-FC61194A0579}.Debug|Any CPU.Build.0 = Debug|Any CPU
	EndGlobalSection
	GlobalSection(SolutionProperties) = preSolution
		HideSolutionNode = FALSE
	EndGlobalSection
	GlobalSection(ExtensibilityGlobals) = postSolution
		SolutionGuid = {A251E1AA-CFA8-45DD-A72B-CD9E25DEB2A5}
	EndGlobalSection
EndGlobal
