
Microsoft Visual Studio Solution File, Format Version 12.00
# Visual Studio Version 17
VisualStudioVersion = 17.6.33723.286
MinimumVisualStudioVersion = 10.0.40219.1
Project("{E24C65DC-7377-472B-9ABA-BC803B73C61A}") = "9", "9\", "{E515F56E-BA78-46C7-9D16-81C10A2FDEEC}"
	ProjectSection(WebsiteProperties) = preProject
		TargetFrameworkMoniker = ".NETFramework,Version%3Dv4.7.2"
		Debug.AspNetCompiler.VirtualPath = "/localhost_53013"
		Debug.AspNetCompiler.PhysicalPath = "9\"
		Debug.AspNetCompiler.TargetPath = "PrecompiledWeb\localhost_53013\"
		Debug.AspNetCompiler.Updateable = "true"
		Debug.AspNetCompiler.ForceOverwrite = "true"
		Debug.AspNetCompiler.FixedNames = "false"
		Debug.AspNetCompiler.Debug = "True"
		Release.AspNetCompiler.VirtualPath = "/localhost_53013"
		Release.AspNetCompiler.PhysicalPath = "9\"
		Release.AspNetCompiler.TargetPath = "PrecompiledWeb\localhost_53013\"
		Release.AspNetCompiler.Updateable = "true"
		Release.AspNetCompiler.ForceOverwrite = "true"
		Release.AspNetCompiler.FixedNames = "false"
		Release.AspNetCompiler.Debug = "False"
		VWDPort = "53013"
		SlnRelativePath = "9\"
		DefaultWebSiteLanguage = "Visual C#"
	EndProjectSection
EndProject
Global
	GlobalSection(SolutionConfigurationPlatforms) = preSolution
		Debug|Any CPU = Debug|Any CPU
	EndGlobalSection
	GlobalSection(ProjectConfigurationPlatforms) = postSolution
		{E515F56E-BA78-46C7-9D16-81C10A2FDEEC}.Debug|Any CPU.ActiveCfg = Debug|Any CPU
		{E515F56E-BA78-46C7-9D16-81C10A2FDEEC}.Debug|Any CPU.Build.0 = Debug|Any CPU
	EndGlobalSection
	GlobalSection(SolutionProperties) = preSolution
		HideSolutionNode = FALSE
	EndGlobalSection
	GlobalSection(ExtensibilityGlobals) = postSolution
		SolutionGuid = {614AA55B-5398-4786-BE2C-BF055D39A4C4}
	EndGlobalSection
EndGlobal
