
Microsoft Visual Studio Solution File, Format Version 12.00
# Visual Studio Version 17
VisualStudioVersion = 17.6.33723.286
MinimumVisualStudioVersion = 10.0.40219.1
Project("{E24C65DC-7377-472B-9ABA-BC803B73C61A}") = "if-else-10", "if-else-10\", "{FFDACBF4-9BD7-49F0-8BD0-5690CF49A078}"
	ProjectSection(WebsiteProperties) = preProject
		TargetFrameworkMoniker = ".NETFramework,Version%3Dv4.7.2"
		Debug.AspNetCompiler.VirtualPath = "/localhost_54298"
		Debug.AspNetCompiler.PhysicalPath = "if-else-10\"
		Debug.AspNetCompiler.TargetPath = "PrecompiledWeb\localhost_54298\"
		Debug.AspNetCompiler.Updateable = "true"
		Debug.AspNetCompiler.ForceOverwrite = "true"
		Debug.AspNetCompiler.FixedNames = "false"
		Debug.AspNetCompiler.Debug = "True"
		Release.AspNetCompiler.VirtualPath = "/localhost_54298"
		Release.AspNetCompiler.PhysicalPath = "if-else-10\"
		Release.AspNetCompiler.TargetPath = "PrecompiledWeb\localhost_54298\"
		Release.AspNetCompiler.Updateable = "true"
		Release.AspNetCompiler.ForceOverwrite = "true"
		Release.AspNetCompiler.FixedNames = "false"
		Release.AspNetCompiler.Debug = "False"
		VWDPort = "54298"
		SlnRelativePath = "if-else-10\"
		DefaultWebSiteLanguage = "Visual C#"
	EndProjectSection
EndProject
Global
	GlobalSection(SolutionConfigurationPlatforms) = preSolution
		Debug|Any CPU = Debug|Any CPU
	EndGlobalSection
	GlobalSection(ProjectConfigurationPlatforms) = postSolution
		{FFDACBF4-9BD7-49F0-8BD0-5690CF49A078}.Debug|Any CPU.ActiveCfg = Debug|Any CPU
		{FFDACBF4-9BD7-49F0-8BD0-5690CF49A078}.Debug|Any CPU.Build.0 = Debug|Any CPU
	EndGlobalSection
	GlobalSection(SolutionProperties) = preSolution
		HideSolutionNode = FALSE
	EndGlobalSection
	GlobalSection(ExtensibilityGlobals) = postSolution
		SolutionGuid = {D13FC1A9-D912-4426-A518-FE362B5630B5}
	EndGlobalSection
EndGlobal
