
Microsoft Visual Studio Solution File, Format Version 12.00
# Visual Studio Version 17
VisualStudioVersion = 17.6.33723.286
MinimumVisualStudioVersion = 10.0.40219.1
Project("{E24C65DC-7377-472B-9ABA-BC803B73C61A}") = "if-else-4", "if-else-4\", "{7091405F-7FF5-47DD-8936-3C8A41AA74BB}"
	ProjectSection(WebsiteProperties) = preProject
		TargetFrameworkMoniker = ".NETFramework,Version%3Dv4.7.2"
		Debug.AspNetCompiler.VirtualPath = "/localhost_50980"
		Debug.AspNetCompiler.PhysicalPath = "if-else-4\"
		Debug.AspNetCompiler.TargetPath = "PrecompiledWeb\localhost_50980\"
		Debug.AspNetCompiler.Updateable = "true"
		Debug.AspNetCompiler.ForceOverwrite = "true"
		Debug.AspNetCompiler.FixedNames = "false"
		Debug.AspNetCompiler.Debug = "True"
		Release.AspNetCompiler.VirtualPath = "/localhost_50980"
		Release.AspNetCompiler.PhysicalPath = "if-else-4\"
		Release.AspNetCompiler.TargetPath = "PrecompiledWeb\localhost_50980\"
		Release.AspNetCompiler.Updateable = "true"
		Release.AspNetCompiler.ForceOverwrite = "true"
		Release.AspNetCompiler.FixedNames = "false"
		Release.AspNetCompiler.Debug = "False"
		VWDPort = "50980"
		SlnRelativePath = "if-else-4\"
		DefaultWebSiteLanguage = "Visual C#"
	EndProjectSection
EndProject
Global
	GlobalSection(SolutionConfigurationPlatforms) = preSolution
		Debug|Any CPU = Debug|Any CPU
	EndGlobalSection
	GlobalSection(ProjectConfigurationPlatforms) = postSolution
		{7091405F-7FF5-47DD-8936-3C8A41AA74BB}.Debug|Any CPU.ActiveCfg = Debug|Any CPU
		{7091405F-7FF5-47DD-8936-3C8A41AA74BB}.Debug|Any CPU.Build.0 = Debug|Any CPU
	EndGlobalSection
	GlobalSection(SolutionProperties) = preSolution
		HideSolutionNode = FALSE
	EndGlobalSection
	GlobalSection(ExtensibilityGlobals) = postSolution
		SolutionGuid = {89F82943-1DA3-4718-90D1-835C9241C390}
	EndGlobalSection
EndGlobal
