
Microsoft Visual Studio Solution File, Format Version 12.00
# Visual Studio Version 17
VisualStudioVersion = 17.6.33723.286
MinimumVisualStudioVersion = 10.0.40219.1
Project("{E24C65DC-7377-472B-9ABA-BC803B73C61A}") = "if-else-5", "if-else-5\", "{539CE349-D9CB-4965-BEDD-D74DCBB67613}"
	ProjectSection(WebsiteProperties) = preProject
		TargetFrameworkMoniker = ".NETFramework,Version%3Dv4.7.2"
		Debug.AspNetCompiler.VirtualPath = "/localhost_51203"
		Debug.AspNetCompiler.PhysicalPath = "if-else-5\"
		Debug.AspNetCompiler.TargetPath = "PrecompiledWeb\localhost_51203\"
		Debug.AspNetCompiler.Updateable = "true"
		Debug.AspNetCompiler.ForceOverwrite = "true"
		Debug.AspNetCompiler.FixedNames = "false"
		Debug.AspNetCompiler.Debug = "True"
		Release.AspNetCompiler.VirtualPath = "/localhost_51203"
		Release.AspNetCompiler.PhysicalPath = "if-else-5\"
		Release.AspNetCompiler.TargetPath = "PrecompiledWeb\localhost_51203\"
		Release.AspNetCompiler.Updateable = "true"
		Release.AspNetCompiler.ForceOverwrite = "true"
		Release.AspNetCompiler.FixedNames = "false"
		Release.AspNetCompiler.Debug = "False"
		VWDPort = "51203"
		SlnRelativePath = "if-else-5\"
		DefaultWebSiteLanguage = "Visual C#"
	EndProjectSection
EndProject
Global
	GlobalSection(SolutionConfigurationPlatforms) = preSolution
		Debug|Any CPU = Debug|Any CPU
	EndGlobalSection
	GlobalSection(ProjectConfigurationPlatforms) = postSolution
		{539CE349-D9CB-4965-BEDD-D74DCBB67613}.Debug|Any CPU.ActiveCfg = Debug|Any CPU
		{539CE349-D9CB-4965-BEDD-D74DCBB67613}.Debug|Any CPU.Build.0 = Debug|Any CPU
	EndGlobalSection
	GlobalSection(SolutionProperties) = preSolution
		HideSolutionNode = FALSE
	EndGlobalSection
	GlobalSection(ExtensibilityGlobals) = postSolution
		SolutionGuid = {0ABD12AF-52CE-49DD-93C9-E7FAC69B0B88}
	EndGlobalSection
EndGlobal
