
Microsoft Visual Studio Solution File, Format Version 12.00
# Visual Studio Version 17
VisualStudioVersion = 17.6.33723.286
MinimumVisualStudioVersion = 10.0.40219.1
Project("{E24C65DC-7377-472B-9ABA-BC803B73C61A}") = "if-else-3", "if-else-3\", "{6E3697A1-A76A-45A5-A7AA-A12991A148C7}"
	ProjectSection(WebsiteProperties) = preProject
		TargetFrameworkMoniker = ".NETFramework,Version%3Dv4.7.2"
		Debug.AspNetCompiler.VirtualPath = "/localhost_50737"
		Debug.AspNetCompiler.PhysicalPath = "if-else-3\"
		Debug.AspNetCompiler.TargetPath = "PrecompiledWeb\localhost_50737\"
		Debug.AspNetCompiler.Updateable = "true"
		Debug.AspNetCompiler.ForceOverwrite = "true"
		Debug.AspNetCompiler.FixedNames = "false"
		Debug.AspNetCompiler.Debug = "True"
		Release.AspNetCompiler.VirtualPath = "/localhost_50737"
		Release.AspNetCompiler.PhysicalPath = "if-else-3\"
		Release.AspNetCompiler.TargetPath = "PrecompiledWeb\localhost_50737\"
		Release.AspNetCompiler.Updateable = "true"
		Release.AspNetCompiler.ForceOverwrite = "true"
		Release.AspNetCompiler.FixedNames = "false"
		Release.AspNetCompiler.Debug = "False"
		VWDPort = "50737"
		SlnRelativePath = "if-else-3\"
		DefaultWebSiteLanguage = "Visual C#"
	EndProjectSection
EndProject
Global
	GlobalSection(SolutionConfigurationPlatforms) = preSolution
		Debug|Any CPU = Debug|Any CPU
	EndGlobalSection
	GlobalSection(ProjectConfigurationPlatforms) = postSolution
		{6E3697A1-A76A-45A5-A7AA-A12991A148C7}.Debug|Any CPU.ActiveCfg = Debug|Any CPU
		{6E3697A1-A76A-45A5-A7AA-A12991A148C7}.Debug|Any CPU.Build.0 = Debug|Any CPU
	EndGlobalSection
	GlobalSection(SolutionProperties) = preSolution
		HideSolutionNode = FALSE
	EndGlobalSection
	GlobalSection(ExtensibilityGlobals) = postSolution
		SolutionGuid = {78056CCF-B397-4DDC-A7B4-99860CE403E9}
	EndGlobalSection
EndGlobal
