
Microsoft Visual Studio Solution File, Format Version 12.00
# Visual Studio Version 17
VisualStudioVersion = 17.6.33723.286
MinimumVisualStudioVersion = 10.0.40219.1
Project("{E24C65DC-7377-472B-9ABA-BC803B73C61A}") = "if-else-7", "if-else-7\", "{CD271C45-44E7-40BE-9C5D-F4CCFB902F73}"
	ProjectSection(WebsiteProperties) = preProject
		TargetFrameworkMoniker = ".NETFramework,Version%3Dv4.7.2"
		Debug.AspNetCompiler.VirtualPath = "/localhost_52220"
		Debug.AspNetCompiler.PhysicalPath = "if-else-7\"
		Debug.AspNetCompiler.TargetPath = "PrecompiledWeb\localhost_52220\"
		Debug.AspNetCompiler.Updateable = "true"
		Debug.AspNetCompiler.ForceOverwrite = "true"
		Debug.AspNetCompiler.FixedNames = "false"
		Debug.AspNetCompiler.Debug = "True"
		Release.AspNetCompiler.VirtualPath = "/localhost_52220"
		Release.AspNetCompiler.PhysicalPath = "if-else-7\"
		Release.AspNetCompiler.TargetPath = "PrecompiledWeb\localhost_52220\"
		Release.AspNetCompiler.Updateable = "true"
		Release.AspNetCompiler.ForceOverwrite = "true"
		Release.AspNetCompiler.FixedNames = "false"
		Release.AspNetCompiler.Debug = "False"
		VWDPort = "52220"
		SlnRelativePath = "if-else-7\"
		DefaultWebSiteLanguage = "Visual C#"
	EndProjectSection
EndProject
Global
	GlobalSection(SolutionConfigurationPlatforms) = preSolution
		Debug|Any CPU = Debug|Any CPU
	EndGlobalSection
	GlobalSection(ProjectConfigurationPlatforms) = postSolution
		{CD271C45-44E7-40BE-9C5D-F4CCFB902F73}.Debug|Any CPU.ActiveCfg = Debug|Any CPU
		{CD271C45-44E7-40BE-9C5D-F4CCFB902F73}.Debug|Any CPU.Build.0 = Debug|Any CPU
	EndGlobalSection
	GlobalSection(SolutionProperties) = preSolution
		HideSolutionNode = FALSE
	EndGlobalSection
	GlobalSection(ExtensibilityGlobals) = postSolution
		SolutionGuid = {21E1FAA3-84E5-46A1-B2A5-0617BFE16825}
	EndGlobalSection
EndGlobal
