
Microsoft Visual Studio Solution File, Format Version 12.00
# Visual Studio Version 17
VisualStudioVersion = 17.6.33723.286
MinimumVisualStudioVersion = 10.0.40219.1
Project("{E24C65DC-7377-472B-9ABA-BC803B73C61A}") = "2", "2\", "{02561A3D-13DA-4B67-AD69-2B44116EA1D0}"
	ProjectSection(WebsiteProperties) = preProject
		TargetFrameworkMoniker = ".NETFramework,Version%3Dv4.7.2"
		Debug.AspNetCompiler.VirtualPath = "/localhost_57742"
		Debug.AspNetCompiler.PhysicalPath = "2\"
		Debug.AspNetCompiler.TargetPath = "PrecompiledWeb\localhost_57742\"
		Debug.AspNetCompiler.Updateable = "true"
		Debug.AspNetCompiler.ForceOverwrite = "true"
		Debug.AspNetCompiler.FixedNames = "false"
		Debug.AspNetCompiler.Debug = "True"
		Release.AspNetCompiler.VirtualPath = "/localhost_57742"
		Release.AspNetCompiler.PhysicalPath = "2\"
		Release.AspNetCompiler.TargetPath = "PrecompiledWeb\localhost_57742\"
		Release.AspNetCompiler.Updateable = "true"
		Release.AspNetCompiler.ForceOverwrite = "true"
		Release.AspNetCompiler.FixedNames = "false"
		Release.AspNetCompiler.Debug = "False"
		VWDPort = "57742"
		SlnRelativePath = "2\"
		DefaultWebSiteLanguage = "Visual C#"
	EndProjectSection
EndProject
Global
	GlobalSection(SolutionConfigurationPlatforms) = preSolution
		Debug|Any CPU = Debug|Any CPU
	EndGlobalSection
	GlobalSection(ProjectConfigurationPlatforms) = postSolution
		{02561A3D-13DA-4B67-AD69-2B44116EA1D0}.Debug|Any CPU.ActiveCfg = Debug|Any CPU
		{02561A3D-13DA-4B67-AD69-2B44116EA1D0}.Debug|Any CPU.Build.0 = Debug|Any CPU
	EndGlobalSection
	GlobalSection(SolutionProperties) = preSolution
		HideSolutionNode = FALSE
	EndGlobalSection
	GlobalSection(ExtensibilityGlobals) = postSolution
		SolutionGuid = {07155991-74FE-47C7-BE8B-211BA39E58AF}
	EndGlobalSection
EndGlobal
